
Microsoft Visual Studio Solution File, Format Version 12.00
Project("{9A19103F-16F7-4668-BE54-9A1E7A4F7556}") = "FlexiTeams", "FlexiTeams\FlexiTeams.csproj", "{8DC8A34D-EBEA-4266-A3E5-6C443EB24FF1}"
EndProject
Project("{9A19103F-16F7-4668-BE54-9A1E7A4F7556}") = "FlexiTeamsTests", "FlexiTeamsTests\FlexiTeamsTests.csproj", "{81162269-9161-4DB7-85E6-D82F06DE2768}"
EndProject
Global
	GlobalSection(SolutionConfigurationPlatforms) = preSolution
		Debug|Any CPU = Debug|Any CPU
		Release|Any CPU = Release|Any CPU
	EndGlobalSection
	GlobalSection(ProjectConfigurationPlatforms) = postSolution
		{8DC8A34D-EBEA-4266-A3E5-6C443EB24FF1}.Debug|Any CPU.ActiveCfg = Debug|Any CPU
		{8DC8A34D-EBEA-4266-A3E5-6C443EB24FF1}.Debug|Any CPU.Build.0 = Debug|Any CPU
		{8DC8A34D-EBEA-4266-A3E5-6C443EB24FF1}.Release|Any CPU.ActiveCfg = Release|Any CPU
		{8DC8A34D-EBEA-4266-A3E5-6C443EB24FF1}.Release|Any CPU.Build.0 = Release|Any CPU
		{81162269-9161-4DB7-85E6-D82F06DE2768}.Debug|Any CPU.ActiveCfg = Debug|Any CPU
		{81162269-9161-4DB7-85E6-D82F06DE2768}.Debug|Any CPU.Build.0 = Debug|Any CPU
		{81162269-9161-4DB7-85E6-D82F06DE2768}.Release|Any CPU.ActiveCfg = Release|Any CPU
		{81162269-9161-4DB7-85E6-D82F06DE2768}.Release|Any CPU.Build.0 = Release|Any CPU
	EndGlobalSection
EndGlobal
